// !$*UTF8*$!
{
	archiveVersion = 1;
	classes = {
	};
	objectVersion = 46;
	objects = {

/* Begin PBXBuildFile section */
		1D2FF9DA1BFD69A3006FE250 /* AppDelegate.swift in Sources */ = {isa = PBXBuildFile; fileRef = 1D2FF9D91BFD69A3006FE250 /* AppDelegate.swift */; };
		1D2FF9DC1BFD69A3006FE250 /* ViewController.swift in Sources */ = {isa = PBXBuildFile; fileRef = 1D2FF9DB1BFD69A3006FE250 /* ViewController.swift */; };
		1D2FF9DF1BFD69A3006FE250 /* Main.storyboard in Resources */ = {isa = PBXBuildFile; fileRef = 1D2FF9DD1BFD69A3006FE250 /* Main.storyboard */; };
		1D2FF9E11BFD69A3006FE250 /* Assets.xcassets in Resources */ = {isa = PBXBuildFile; fileRef = 1D2FF9E01BFD69A3006FE250 /* Assets.xcassets */; };
		1D2FF9E41BFD69A3006FE250 /* LaunchScreen.storyboard in Resources */ = {isa = PBXBuildFile; fileRef = 1D2FF9E21BFD69A3006FE250 /* LaunchScreen.storyboard */; };
/* End PBXBuildFile section */

/* Begin PBXFileReference section */
		1D2FF9D61BFD69A3006FE250 /* mashable.app */ = {isa = PBXFileReference; explicitFileType = wrapper.application; includeInIndex = 0; path = mashable.app; sourceTree = BUILT_PRODUCTS_DIR; };
		1D2FF9D91BFD69A3006FE250 /* AppDelegate.swift */ = {isa = PBXFileReference; lastKnownFileType = sourcecode.swift; path = AppDelegate.swift; sourceTree = "<group>"; };
		1D2FF9DB1BFD69A3006FE250 /* ViewController.swift */ = {isa = PBXFileReference; lastKnownFileType = sourcecode.swift; path = ViewController.swift; sourceTree = "<group>"; };
		1D2FF9DE1BFD69A3006FE250 /* Base */ = {isa = PBXFileReference; lastKnownFileType = file.storyboard; name = Base; path = Base.lproj/Main.storyboard; sourceTree = "<group>"; };
		1D2FF9E01BFD69A3006FE250 /* Assets.xcassets */ = {isa = PBXFileReference; lastKnownFileType = folder.assetcatalog; path = Assets.xcassets; sourceTree = "<group>"; };
		1D2FF9E31BFD69A3006FE250 /* Base */ = {isa = PBXFileReference; lastKnownFileType = file.storyboard; name = Base; path = Base.lproj/LaunchScreen.storyboard; sourceTree = "<group>"; };
		1D2FF9E51BFD69A3006FE250 /* Info.plist */ = {isa = PBXFileReference; lastKnownFileType = text.plist.xml; path = Info.plist; sourceTree = "<group>"; };
		1D2FF9EB1BFD69AE006FE250 /* mashablePlayground.playground */ = {isa = PBXFileReference; lastKnownFileType = file.playground; path = mashablePlayground.playground; sourceTree = SOURCE_ROOT; };
/* End PBXFileReference section */

/* Begin PBXFrameworksBuildPhase section */
		1D2FF9D31BFD69A3006FE250 /* Frameworks */ = {
			isa = PBXFrameworksBuildPhase;
			buildActionMask = 2147483647;
			files = (
			);
			runOnlyForDeploymentPostprocessing = 0;
		};
/* End PBXFrameworksBuildPhase section */

/* Begin PBXGroup section */
		1D2FF9CD1BFD69A2006FE250 = {
			isa = PBXGroup;
			children = (
				1D2FF9D81BFD69A3006FE250 /* mashable */,
				1D2FF9D71BFD69A3006FE250 /* Products */,
			);
			sourceTree = "<group>";
		};
		1D2FF9D71BFD69A3006FE250 /* Products */ = {
			isa = PBXGroup;
			children = (
				1D2FF9D61BFD69A3006FE250 /* mashable.app */,
			);
			name = Products;
			sourceTree = "<group>";
		};
		1D2FF9D81BFD69A3006FE250 /* mashable */ = {
			isa = PBXGroup;
			children = (
				1D2FF9EB1BFD69AE006FE250 /* mashablePlayground.playground */,
				1D2FF9D91BFD69A3006FE250 /* AppDelegate.swift */,
				1D2FF9DB1BFD69A3006FE250 /* ViewController.swift */,
				1D2FF9DD1BFD69A3006FE250 /* Main.storyboard */,
				1D2FF9E01BFD69A3006FE250 /* Assets.xcassets */,
				1D2FF9E21BFD69A3006FE250 /* LaunchScreen.storyboard */,
				1D2FF9E51BFD69A3006FE250 /* Info.plist */,
			);
			path = mashable;
			sourceTree = "<group>";
		};
/* End PBXGroup section */

/* Begin PBXNativeTarget section */
		1D2FF9D51BFD69A3006FE250 /* mashable */ = {
			isa = PBXNativeTarget;
			buildConfigurationList = 1D2FF9E81BFD69A3006FE250 /* Build configuration list for PBXNativeTarget "mashable" */;
			buildPhases = (
				1D2FF9D21BFD69A3006FE250 /* Sources */,
				1D2FF9D31BFD69A3006FE250 /* Frameworks */,
				1D2FF9D41BFD69A3006FE250 /* Resources */,
			);
			buildRules = (
			);
			dependencies = (
			);
			name = mashable;
			productName = mashable;
			productReference = 1D2FF9D61BFD69A3006FE250 /* mashable.app */;
			productType = "com.apple.product-type.application";
		};
/* End PBXNativeTarget section */

/* Begin PBXProject section */
		1D2FF9CE1BFD69A2006FE250 /* Project object */ = {
			isa = PBXProject;
			attributes = {
				LastUpgradeCheck = 0700;
				ORGANIZATIONNAME = Shalev;
				TargetAttributes = {
					1D2FF9D51BFD69A3006FE250 = {
						CreatedOnToolsVersion = 7.0;
					};
				};
			};
			buildConfigurationList = 1D2FF9D11BFD69A3006FE250 /* Build configuration list for PBXProject "mashable" */;
			compatibilityVersion = "Xcode 3.2";
			developmentRegion = English;
			hasScannedForEncodings = 0;
			knownRegions = (
				en,
				Base,
			);
			mainGroup = 1D2FF9CD1BFD69A2006FE250;
			productRefGroup = 1D2FF9D71BFD69A3006FE250 /* Products */;
			projectDirPath = "";
			projectRoot = "";
			targets = (
				1D2FF9D51BFD69A3006FE250 /* mashable */,
			);
		};
/* End PBXProject section */

/* Begin PBXResourcesBuildPhase section */
		1D2FF9D41BFD69A3006FE250 /* Resources */ = {
			isa = PBXResourcesBuildPhase;
			buildActionMask = 2147483647;
			files = (
				1D2FF9E41BFD69A3006FE250 /* LaunchScreen.storyboard in Resources */,
				1D2FF9E11BFD69A3006FE250 /* Assets.xcassets in Resources */,
				1D2FF9DF1BFD69A3006FE250 /* Main.storyboard in Resources */,
			);
			runOnlyForDeploymentPostprocessing = 0;
		};
/* End PBXResourcesBuildPhase section */

/* Begin PBXSourcesBuildPhase section */
		1D2FF9D21BFD69A3006FE250 /* Sources */ = {
			isa = PBXSourcesBuildPhase;
			buildActionMask = 2147483647;
			files = (
				1D2FF9DC1BFD69A3006FE250 /* ViewController.swift in Sources */,
				1D2FF9DA1BFD69A3006FE250 /* AppDelegate.swift in Sources */,
			);
			runOnlyForDeploymentPostprocessing = 0;
		};
/* End PBXSourcesBuildPhase section */

/* Begin PBXVariantGroup section */
		1D2FF9DD1BFD69A3006FE250 /* Main.storyboard */ = {
			isa = PBXVariantGroup;
			children = (
				1D2FF9DE1BFD69A3006FE250 /* Base */,
			);
			name = Main.storyboard;
			sourceTree = "<group>";
		};
		1D2FF9E21BFD69A3006FE250 /* LaunchScreen.storyboard */ = {
			isa = PBXVariantGroup;
			children = (
				1D2FF9E31BFD69A3006FE250 /* Base */,
			);
			name = LaunchScreen.storyboard;
			sourceTree = "<group>";
		};
/* End PBXVariantGroup section */

/* Begin XCBuildConfiguration section */
		1D2FF9E61BFD69A3006FE250 /* Debug */ = {
			isa = XCBuildConfiguration;
			buildSettings = {
				ALWAYS_SEARCH_USER_PATHS = NO;
				CLANG_CXX_LANGUAGE_STANDARD = "gnu++0x";
				CLANG_CXX_LIBRARY = "libc++";
				CLANG_ENABLE_MODULES = YES;
				CLANG_ENABLE_OBJC_ARC = YES;
				CLANG_WARN_BOOL_CONVERSION = YES;
				CLANG_WARN_CONSTANT_CONVERSION = YES;
				CLANG_WARN_DIRECT_OBJC_ISA_USAGE = YES_ERROR;
				CLANG_WARN_EMPTY_BODY = YES;
				CLANG_WARN_ENUM_CONVERSION = YES;
				CLANG_WARN_INT_CONVERSION = YES;
				CLANG_WARN_OBJC_ROOT_CLASS = YES_ERROR;
				CLANG_WARN_UNREACHABLE_CODE = YES;
				CLANG_WARN__DUPLICATE_METHOD_MATCH = YES;
				"CODE_SIGN_IDENTITY[sdk=iphoneos*]" = "iPhone Developer";
				COPY_PHASE_STRIP = NO;
				DEBUG_INFORMATION_FORMAT = dwarf;
				ENABLE_STRICT_OBJC_MSGSEND = YES;
				ENABLE_TESTABILITY = YES;
				GCC_C_LANGUAGE_STANDARD = gnu99;
				GCC_DYNAMIC_NO_PIC = NO;
				GCC_NO_COMMON_BLOCKS = YES;
				GCC_OPTIMIZATION_LEVEL = 0;
				GCC_PREPROCESSOR_DEFINITIONS = (
					"DEBUG=1",
					"$(inherited)",
				);
				GCC_WARN_64_TO_32_BIT_CONVERSION = YES;
				GCC_WARN_ABOUT_RETURN_TYPE = YES_ERROR;
				GCC_WARN_UNDECLARED_SELECTOR = YES;
				GCC_WARN_UNINITIALIZED_AUTOS = YES_AGGRESSIVE;
				GCC_WARN_UNUSED_FUNCTION = YES;
				GCC_WARN_UNUSED_VARIABLE = YES;
				IPHONEOS_DEPLOYMENT_TARGET = 9.0;
				MTL_ENABLE_DEBUG_INFO = YES;
				ONLY_ACTIVE_ARCH = YES;
				SDKROOT = iphoneos;
				SWIFT_OPTIMIZATION_LEVEL = "-Onone";
				TARGETED_DEVICE_FAMILY = "1,2";
			};
			name = Debug;
		};
		1D2FF9E71BFD69A3006FE250 /* Release */ = {
			isa = XCBuildConfiguration;
			buildSettings = {
				ALWAYS_SEARCH_USER_PATHS = NO;
				CLANG_CXX_LANGUAGE_STANDARD = "gnu++0x";
				CLANG_CXX_LIBRARY = "libc++";
				CLANG_ENABLE_MODULES = YES;
				CLANG_ENABLE_OBJC_ARC = YES;
				CLANG_WARN_BOOL_CONVERSION = YES;
				CLANG_WARN_CONSTANT_CONVERSION = YES;
				CLANG_WARN_DIRECT_OBJC_ISA_USAGE = YES_ERROR;
				CLANG_WARN_EMPTY_BODY = YES;
				CLANG_WARN_ENUM_CONVERSION = YES;
				CLANG_WARN_INT_CONVERSION = YES;
				CLANG_WARN_OBJC_ROOT_CLASS = YES_ERROR;
				CLANG_WARN_UNREACHABLE_CODE = YES;
				CLANG_WARN__DUPLICATE_METHOD_MATCH = YES;
				"CODE_SIGN_IDENTITY[sdk=iphoneos*]" = "iPhone Developer";
				COPY_PHASE_STRIP = NO;
				DEBUG_INFORMATION_FORMAT = "dwarf-with-dsym";
				ENABLE_NS_ASSERTIONS = NO;
				ENABLE_STRICT_OBJC_MSGSEND = YES;
				GCC_C_LANGUAGE_STANDARD = gnu99;
				GCC_NO_COMMON_BLOCKS = YES;
				GCC_WARN_64_TO_32_BIT_CONVERSION = YES;
				GCC_WARN_ABOUT_RETURN_TYPE = YES_ERROR;
				GCC_WARN_UNDECLARED_SELECTOR = YES;
				GCC_WARN_UNINITIALIZED_AUTOS = YES_AGGRESSIVE;
				GCC_WARN_UNUSED_FUNCTION = YES;
				GCC_WARN_UNUSED_VARIABLE = YES;
				IPHONEOS_DEPLOYMENT_TARGET = 9.0;
				MTL_ENABLE_DEBUG_INFO = NO;
				SDKROOT = iphoneos;
				TARGETED_DEVICE_FAMILY = "1,2";
				VALIDATE_PRODUCT = YES;
			};
			name = Release;
		};
		1D2FF9E91BFD69A3006FE250 /* Debug */ = {
			isa = XCBuildConfiguration;
			buildSettings = {
				ASSETCATALOG_COMPILER_APPICON_NAME = AppIcon;
				INFOPLIST_FILE = mashable/Info.plist;
				LD_RUNPATH_SEARCH_PATHS = "$(inherited) @executable_path/Frameworks";
				PRODUCT_BUNDLE_IDENTIFIER = com.shalevchaim.mashable;
				PRODUCT_NAME = "$(TARGET_NAME)";
			};
			name = Debug;
		};
		1D2FF9EA1BFD69A3006FE250 /* Release */ = {
			isa = XCBuildConfiguration;
			buildSettings = {
				ASSETCATALOG_COMPILER_APPICON_NAME = AppIcon;
				INFOPLIST_FILE = mashable/Info.plist;
				LD_RUNPATH_SEARCH_PATHS = "$(inherited) @executable_path/Frameworks";
				PRODUCT_BUNDLE_IDENTIFIER = com.shalevchaim.mashable;
				PRODUCT_NAME = "$(TARGET_NAME)";
			};
			name = Release;
		};
/* End XCBuildConfiguration section */

/* Begin XCConfigurationList section */
		1D2FF9D11BFD69A3006FE250 /* Build configuration list for PBXProject "mashable" */ = {
			isa = XCConfigurationList;
			buildConfigurations = (
				1D2FF9E61BFD69A3006FE250 /* Debug */,
				1D2FF9E71BFD69A3006FE250 /* Release */,
			);
			defaultConfigurationIsVisible = 0;
			defaultConfigurationName = Release;
		};
		1D2FF9E81BFD69A3006FE250 /* Build configuration list for PBXNativeTarget "mashable" */ = {
			isa = XCConfigurationList;
			buildConfigurations = (
				1D2FF9E91BFD69A3006FE250 /* Debug */,
				1D2FF9EA1BFD69A3006FE250 /* Release */,
			);
			defaultConfigurationIsVisible = 0;
		};
/* End XCConfigurationList section */
	};
	rootObject = 1D2FF9CE1BFD69A2006FE250 /* Project object */;
}
