// !$*UTF8*$!
{
	archiveVersion = 1;
	classes = {
	};
	objectVersion = 46;
	objects = {

/* Begin PBXBuildFile section */
		1D2FF9981BFAB197006FE250 /* AppDelegate.swift in Sources */ = {isa = PBXBuildFile; fileRef = 1D2FF9971BFAB197006FE250 /* AppDelegate.swift */; };
		1D2FF99A1BFAB197006FE250 /* ViewController.swift in Sources */ = {isa = PBXBuildFile; fileRef = 1D2FF9991BFAB197006FE250 /* ViewController.swift */; };
		1D2FF99D1BFAB197006FE250 /* Main.storyboard in Resources */ = {isa = PBXBuildFile; fileRef = 1D2FF99B1BFAB197006FE250 /* Main.storyboard */; };
		1D2FF9A01BFAB197006FE250 /* PeoplePersistance.xcdatamodeld in Sources */ = {isa = PBXBuildFile; fileRef = 1D2FF99E1BFAB197006FE250 /* PeoplePersistance.xcdatamodeld */; };
		1D2FF9A21BFAB197006FE250 /* Assets.xcassets in Resources */ = {isa = PBXBuildFile; fileRef = 1D2FF9A11BFAB197006FE250 /* Assets.xcassets */; };
		1D2FF9A51BFAB197006FE250 /* LaunchScreen.storyboard in Resources */ = {isa = PBXBuildFile; fileRef = 1D2FF9A31BFAB197006FE250 /* LaunchScreen.storyboard */; };
		1D2FF9AD1BFAB1C7006FE250 /* Person.swift in Sources */ = {isa = PBXBuildFile; fileRef = 1D2FF9AC1BFAB1C7006FE250 /* Person.swift */; settings = {ASSET_TAGS = (); }; };
/* End PBXBuildFile section */

/* Begin PBXFileReference section */
		1D2FF9941BFAB197006FE250 /* PeoplePersistance.app */ = {isa = PBXFileReference; explicitFileType = wrapper.application; includeInIndex = 0; path = PeoplePersistance.app; sourceTree = BUILT_PRODUCTS_DIR; };
		1D2FF9971BFAB197006FE250 /* AppDelegate.swift */ = {isa = PBXFileReference; lastKnownFileType = sourcecode.swift; path = AppDelegate.swift; sourceTree = "<group>"; };
		1D2FF9991BFAB197006FE250 /* ViewController.swift */ = {isa = PBXFileReference; lastKnownFileType = sourcecode.swift; path = ViewController.swift; sourceTree = "<group>"; };
		1D2FF99C1BFAB197006FE250 /* Base */ = {isa = PBXFileReference; lastKnownFileType = file.storyboard; name = Base; path = Base.lproj/Main.storyboard; sourceTree = "<group>"; };
		1D2FF99F1BFAB197006FE250 /* PeoplePersistance.xcdatamodel */ = {isa = PBXFileReference; lastKnownFileType = wrapper.xcdatamodel; path = PeoplePersistance.xcdatamodel; sourceTree = "<group>"; };
		1D2FF9A11BFAB197006FE250 /* Assets.xcassets */ = {isa = PBXFileReference; lastKnownFileType = folder.assetcatalog; path = Assets.xcassets; sourceTree = "<group>"; };
		1D2FF9A41BFAB197006FE250 /* Base */ = {isa = PBXFileReference; lastKnownFileType = file.storyboard; name = Base; path = Base.lproj/LaunchScreen.storyboard; sourceTree = "<group>"; };
		1D2FF9A61BFAB197006FE250 /* Info.plist */ = {isa = PBXFileReference; lastKnownFileType = text.plist.xml; path = Info.plist; sourceTree = "<group>"; };
		1D2FF9AC1BFAB1C7006FE250 /* Person.swift */ = {isa = PBXFileReference; fileEncoding = 4; lastKnownFileType = sourcecode.swift; path = Person.swift; sourceTree = "<group>"; };
/* End PBXFileReference section */

/* Begin PBXFrameworksBuildPhase section */
		1D2FF9911BFAB197006FE250 /* Frameworks */ = {
			isa = PBXFrameworksBuildPhase;
			buildActionMask = 2147483647;
			files = (
			);
			runOnlyForDeploymentPostprocessing = 0;
		};
/* End PBXFrameworksBuildPhase section */

/* Begin PBXGroup section */
		1D2FF98B1BFAB197006FE250 = {
			isa = PBXGroup;
			children = (
				1D2FF9961BFAB197006FE250 /* PeoplePersistance */,
				1D2FF9951BFAB197006FE250 /* Products */,
			);
			sourceTree = "<group>";
		};
		1D2FF9951BFAB197006FE250 /* Products */ = {
			isa = PBXGroup;
			children = (
				1D2FF9941BFAB197006FE250 /* PeoplePersistance.app */,
			);
			name = Products;
			sourceTree = "<group>";
		};
		1D2FF9961BFAB197006FE250 /* PeoplePersistance */ = {
			isa = PBXGroup;
			children = (
				1D2FF9971BFAB197006FE250 /* AppDelegate.swift */,
				1D2FF9991BFAB197006FE250 /* ViewController.swift */,
				1D2FF99B1BFAB197006FE250 /* Main.storyboard */,
				1D2FF9A11BFAB197006FE250 /* Assets.xcassets */,
				1D2FF9A31BFAB197006FE250 /* LaunchScreen.storyboard */,
				1D2FF9A61BFAB197006FE250 /* Info.plist */,
				1D2FF99E1BFAB197006FE250 /* PeoplePersistance.xcdatamodeld */,
				1D2FF9AC1BFAB1C7006FE250 /* Person.swift */,
			);
			path = PeoplePersistance;
			sourceTree = "<group>";
		};
/* End PBXGroup section */

/* Begin PBXNativeTarget section */
		1D2FF9931BFAB197006FE250 /* PeoplePersistance */ = {
			isa = PBXNativeTarget;
			buildConfigurationList = 1D2FF9A91BFAB197006FE250 /* Build configuration list for PBXNativeTarget "PeoplePersistance" */;
			buildPhases = (
				1D2FF9901BFAB197006FE250 /* Sources */,
				1D2FF9911BFAB197006FE250 /* Frameworks */,
				1D2FF9921BFAB197006FE250 /* Resources */,
			);
			buildRules = (
			);
			dependencies = (
			);
			name = PeoplePersistance;
			productName = PeoplePersistance;
			productReference = 1D2FF9941BFAB197006FE250 /* PeoplePersistance.app */;
			productType = "com.apple.product-type.application";
		};
/* End PBXNativeTarget section */

/* Begin PBXProject section */
		1D2FF98C1BFAB197006FE250 /* Project object */ = {
			isa = PBXProject;
			attributes = {
				LastUpgradeCheck = 0700;
				ORGANIZATIONNAME = Shalev;
				TargetAttributes = {
					1D2FF9931BFAB197006FE250 = {
						CreatedOnToolsVersion = 7.0;
					};
				};
			};
			buildConfigurationList = 1D2FF98F1BFAB197006FE250 /* Build configuration list for PBXProject "PeoplePersistance" */;
			compatibilityVersion = "Xcode 3.2";
			developmentRegion = English;
			hasScannedForEncodings = 0;
			knownRegions = (
				en,
				Base,
			);
			mainGroup = 1D2FF98B1BFAB197006FE250;
			productRefGroup = 1D2FF9951BFAB197006FE250 /* Products */;
			projectDirPath = "";
			projectRoot = "";
			targets = (
				1D2FF9931BFAB197006FE250 /* PeoplePersistance */,
			);
		};
/* End PBXProject section */

/* Begin PBXResourcesBuildPhase section */
		1D2FF9921BFAB197006FE250 /* Resources */ = {
			isa = PBXResourcesBuildPhase;
			buildActionMask = 2147483647;
			files = (
				1D2FF9A51BFAB197006FE250 /* LaunchScreen.storyboard in Resources */,
				1D2FF9A21BFAB197006FE250 /* Assets.xcassets in Resources */,
				1D2FF99D1BFAB197006FE250 /* Main.storyboard in Resources */,
			);
			runOnlyForDeploymentPostprocessing = 0;
		};
/* End PBXResourcesBuildPhase section */

/* Begin PBXSourcesBuildPhase section */
		1D2FF9901BFAB197006FE250 /* Sources */ = {
			isa = PBXSourcesBuildPhase;
			buildActionMask = 2147483647;
			files = (
				1D2FF99A1BFAB197006FE250 /* ViewController.swift in Sources */,
				1D2FF9A01BFAB197006FE250 /* PeoplePersistance.xcdatamodeld in Sources */,
				1D2FF9AD1BFAB1C7006FE250 /* Person.swift in Sources */,
				1D2FF9981BFAB197006FE250 /* AppDelegate.swift in Sources */,
			);
			runOnlyForDeploymentPostprocessing = 0;
		};
/* End PBXSourcesBuildPhase section */

/* Begin PBXVariantGroup section */
		1D2FF99B1BFAB197006FE250 /* Main.storyboard */ = {
			isa = PBXVariantGroup;
			children = (
				1D2FF99C1BFAB197006FE250 /* Base */,
			);
			name = Main.storyboard;
			sourceTree = "<group>";
		};
		1D2FF9A31BFAB197006FE250 /* LaunchScreen.storyboard */ = {
			isa = PBXVariantGroup;
			children = (
				1D2FF9A41BFAB197006FE250 /* Base */,
			);
			name = LaunchScreen.storyboard;
			sourceTree = "<group>";
		};
/* End PBXVariantGroup section */

/* Begin XCBuildConfiguration section */
		1D2FF9A71BFAB197006FE250 /* Debug */ = {
			isa = XCBuildConfiguration;
			buildSettings = {
				ALWAYS_SEARCH_USER_PATHS = NO;
				CLANG_CXX_LANGUAGE_STANDARD = "gnu++0x";
				CLANG_CXX_LIBRARY = "libc++";
				CLANG_ENABLE_MODULES = YES;
				CLANG_ENABLE_OBJC_ARC = YES;
				CLANG_WARN_BOOL_CONVERSION = YES;
				CLANG_WARN_CONSTANT_CONVERSION = YES;
				CLANG_WARN_DIRECT_OBJC_ISA_USAGE = YES_ERROR;
				CLANG_WARN_EMPTY_BODY = YES;
				CLANG_WARN_ENUM_CONVERSION = YES;
				CLANG_WARN_INT_CONVERSION = YES;
				CLANG_WARN_OBJC_ROOT_CLASS = YES_ERROR;
				CLANG_WARN_UNREACHABLE_CODE = YES;
				CLANG_WARN__DUPLICATE_METHOD_MATCH = YES;
				"CODE_SIGN_IDENTITY[sdk=iphoneos*]" = "iPhone Developer";
				COPY_PHASE_STRIP = NO;
				DEBUG_INFORMATION_FORMAT = dwarf;
				ENABLE_STRICT_OBJC_MSGSEND = YES;
				ENABLE_TESTABILITY = YES;
				GCC_C_LANGUAGE_STANDARD = gnu99;
				GCC_DYNAMIC_NO_PIC = NO;
				GCC_NO_COMMON_BLOCKS = YES;
				GCC_OPTIMIZATION_LEVEL = 0;
				GCC_PREPROCESSOR_DEFINITIONS = (
					"DEBUG=1",
					"$(inherited)",
				);
				GCC_WARN_64_TO_32_BIT_CONVERSION = YES;
				GCC_WARN_ABOUT_RETURN_TYPE = YES_ERROR;
				GCC_WARN_UNDECLARED_SELECTOR = YES;
				GCC_WARN_UNINITIALIZED_AUTOS = YES_AGGRESSIVE;
				GCC_WARN_UNUSED_FUNCTION = YES;
				GCC_WARN_UNUSED_VARIABLE = YES;
				IPHONEOS_DEPLOYMENT_TARGET = 9.0;
				MTL_ENABLE_DEBUG_INFO = YES;
				ONLY_ACTIVE_ARCH = YES;
				SDKROOT = iphoneos;
				SWIFT_OPTIMIZATION_LEVEL = "-Onone";
				TARGETED_DEVICE_FAMILY = "1,2";
			};
			name = Debug;
		};
		1D2FF9A81BFAB197006FE250 /* Release */ = {
			isa = XCBuildConfiguration;
			buildSettings = {
				ALWAYS_SEARCH_USER_PATHS = NO;
				CLANG_CXX_LANGUAGE_STANDARD = "gnu++0x";
				CLANG_CXX_LIBRARY = "libc++";
				CLANG_ENABLE_MODULES = YES;
				CLANG_ENABLE_OBJC_ARC = YES;
				CLANG_WARN_BOOL_CONVERSION = YES;
				CLANG_WARN_CONSTANT_CONVERSION = YES;
				CLANG_WARN_DIRECT_OBJC_ISA_USAGE = YES_ERROR;
				CLANG_WARN_EMPTY_BODY = YES;
				CLANG_WARN_ENUM_CONVERSION = YES;
				CLANG_WARN_INT_CONVERSION = YES;
				CLANG_WARN_OBJC_ROOT_CLASS = YES_ERROR;
				CLANG_WARN_UNREACHABLE_CODE = YES;
				CLANG_WARN__DUPLICATE_METHOD_MATCH = YES;
				"CODE_SIGN_IDENTITY[sdk=iphoneos*]" = "iPhone Developer";
				COPY_PHASE_STRIP = NO;
				DEBUG_INFORMATION_FORMAT = "dwarf-with-dsym";
				ENABLE_NS_ASSERTIONS = NO;
				ENABLE_STRICT_OBJC_MSGSEND = YES;
				GCC_C_LANGUAGE_STANDARD = gnu99;
				GCC_NO_COMMON_BLOCKS = YES;
				GCC_WARN_64_TO_32_BIT_CONVERSION = YES;
				GCC_WARN_ABOUT_RETURN_TYPE = YES_ERROR;
				GCC_WARN_UNDECLARED_SELECTOR = YES;
				GCC_WARN_UNINITIALIZED_AUTOS = YES_AGGRESSIVE;
				GCC_WARN_UNUSED_FUNCTION = YES;
				GCC_WARN_UNUSED_VARIABLE = YES;
				IPHONEOS_DEPLOYMENT_TARGET = 9.0;
				MTL_ENABLE_DEBUG_INFO = NO;
				SDKROOT = iphoneos;
				TARGETED_DEVICE_FAMILY = "1,2";
				VALIDATE_PRODUCT = YES;
			};
			name = Release;
		};
		1D2FF9AA1BFAB197006FE250 /* Debug */ = {
			isa = XCBuildConfiguration;
			buildSettings = {
				ASSETCATALOG_COMPILER_APPICON_NAME = AppIcon;
				INFOPLIST_FILE = PeoplePersistance/Info.plist;
				LD_RUNPATH_SEARCH_PATHS = "$(inherited) @executable_path/Frameworks";
				PRODUCT_BUNDLE_IDENTIFIER = com.shalevchaim.PeoplePersistance;
				PRODUCT_NAME = "$(TARGET_NAME)";
			};
			name = Debug;
		};
		1D2FF9AB1BFAB197006FE250 /* Release */ = {
			isa = XCBuildConfiguration;
			buildSettings = {
				ASSETCATALOG_COMPILER_APPICON_NAME = AppIcon;
				INFOPLIST_FILE = PeoplePersistance/Info.plist;
				LD_RUNPATH_SEARCH_PATHS = "$(inherited) @executable_path/Frameworks";
				PRODUCT_BUNDLE_IDENTIFIER = com.shalevchaim.PeoplePersistance;
				PRODUCT_NAME = "$(TARGET_NAME)";
			};
			name = Release;
		};
/* End XCBuildConfiguration section */

/* Begin XCConfigurationList section */
		1D2FF98F1BFAB197006FE250 /* Build configuration list for PBXProject "PeoplePersistance" */ = {
			isa = XCConfigurationList;
			buildConfigurations = (
				1D2FF9A71BFAB197006FE250 /* Debug */,
				1D2FF9A81BFAB197006FE250 /* Release */,
			);
			defaultConfigurationIsVisible = 0;
			defaultConfigurationName = Release;
		};
		1D2FF9A91BFAB197006FE250 /* Build configuration list for PBXNativeTarget "PeoplePersistance" */ = {
			isa = XCConfigurationList;
			buildConfigurations = (
				1D2FF9AA1BFAB197006FE250 /* Debug */,
				1D2FF9AB1BFAB197006FE250 /* Release */,
			);
			defaultConfigurationIsVisible = 0;
		};
/* End XCConfigurationList section */

/* Begin XCVersionGroup section */
		1D2FF99E1BFAB197006FE250 /* PeoplePersistance.xcdatamodeld */ = {
			isa = XCVersionGroup;
			children = (
				1D2FF99F1BFAB197006FE250 /* PeoplePersistance.xcdatamodel */,
			);
			currentVersion = 1D2FF99F1BFAB197006FE250 /* PeoplePersistance.xcdatamodel */;
			path = PeoplePersistance.xcdatamodeld;
			sourceTree = "<group>";
			versionGroupType = wrapper.xcdatamodel;
		};
/* End XCVersionGroup section */
	};
	rootObject = 1D2FF98C1BFAB197006FE250 /* Project object */;
}
